dependencies:
  espressif/esp_audio_codec:
    component_hash: 694d210da7a148dfb43b1b08581404b7093ec33c5e566a8cf721397b44e791c7
    dependencies:
    - name: idf
      require: private
      version: '>=4.4'
    source:
      registry_url: https://components.espressif.com/
      type: service
    version: 2.6.1
  espressif/esp_websocket_client:
    component_hash: dc00233af846f3a744ada283a300e0d586040aadc3ee67361645ecdce4523672
    dependencies:
    - name: idf
      require: private
      version: '>=5.0'
    source:
      registry_url: https://components.espressif.com/
      type: service
    version: 1.8.0
  espressif/mdns:
    component_hash: e81ca7a7f53ea34e78274df054da692c272e1315572876b237b1748e267c013b
    dependencies:
    - name: idf
      require: private
      version: '>=5.0'
    source:
      registry_url: https://components.espressif.com/
      type: service
    version: 1.11.3
  idf:
    source:
      type: idf
    version: 5.5.4
direct_dependencies:
- espressif/esp_audio_codec
- espressif/esp_websocket_client
- espressif/mdns
manifest_hash: bb0fe93c8b16266ac7885949cac244cd321f009f791b70245dc47e31f127a774
target: esp32s3
version: 2.0.0
